github.com/google/go-github/v45 v45.0.0 h1:LU0WBjYidxIVyx7PZeWb+FP4JZJ3Wh3FQgdumnGqiLs=
github.com/google/go-github/v45 v45.0.0/go.mod h1:FObaZJEDSTa/WGCzZ2Z3eoCDXWJKMenWWTrd8jrta28=
github.com/tencentyun/scf-go-lib v0.0.0-20211123032342-f972dcd16ff6 h1:5owXVztD4wNP6bhJzA5UNQyYsIKk5YWbA2EJnnMD/sg=
github.com/tencentyun/scf-go-lib v0.0.0-20211123032342-f972dcd16ff6/go.mod h1:K3DbqPpP2WE/9MWokWWzgFZcbgtMb9Wd5CYk9AAbEN8=
